
Microsoft Visual Studio Solution File, Format Version 12.00
# Visual Studio Version 16
VisualStudioVersion = 16.0.30517.126
MinimumVisualStudioVersion = 10.0.40219.1
Project("{FAE04EC0-301F-11D3-BF4B-00C04F79EFBC}") = "BuildAndTestApi", "BuildAndTestApi\BuildAndTestApi.csproj", "{D1FEE95C-7286-4A59-B280-056A273A0C7B}"
EndProject
Project("{FAE04EC0-301F-11D3-BF4B-00C04F79EFBC}") = "TestCaseEmployeeApi", "TestCaseEmployeeApi\TestCaseEmployeeApi.csproj", "{2A53984D-1CD8-4076-BCBD-F1B37B78792F}"
EndProject
Global
	GlobalSection(SolutionConfigurationPlatforms) = preSolution
		Debug|Any CPU = Debug|Any CPU
		Release|Any CPU = Release|Any CPU
	EndGlobalSection
	GlobalSection(ProjectConfigurationPlatforms) = postSolution
		{D1FEE95C-7286-4A59-B280-056A273A0C7B}.Debug|Any CPU.ActiveCfg = Debug|Any CPU
		{D1FEE95C-7286-4A59-B280-056A273A0C7B}.Debug|Any CPU.Build.0 = Debug|Any CPU
		{D1FEE95C-7286-4A59-B280-056A273A0C7B}.Release|Any CPU.ActiveCfg = Release|Any CPU
		{D1FEE95C-7286-4A59-B280-056A273A0C7B}.Release|Any CPU.Build.0 = Release|Any CPU
		{2A53984D-1CD8-4076-BCBD-F1B37B78792F}.Debug|Any CPU.ActiveCfg = Debug|Any CPU
		{2A53984D-1CD8-4076-BCBD-F1B37B78792F}.Debug|Any CPU.Build.0 = Debug|Any CPU
		{2A53984D-1CD8-4076-BCBD-F1B37B78792F}.Release|Any CPU.ActiveCfg = Release|Any CPU
		{2A53984D-1CD8-4076-BCBD-F1B37B78792F}.Release|Any CPU.Build.0 = Release|Any CPU
	EndGlobalSection
	GlobalSection(SolutionProperties) = preSolution
		HideSolutionNode = FALSE
	EndGlobalSection
	GlobalSection(ExtensibilityGlobals) = postSolution
		SolutionGuid = {541BED31-2CF9-479A-9BF9-8EE6B1BBAB50}
	EndGlobalSection
EndGlobal
